
Microsoft Visual Studio Solution File, Format Version 12.00
# Visual Studio Version 17
VisualStudioVersion = 17.5.002.0
MinimumVisualStudioVersion = 10.0.40219.1
Project("{9A19103F-16F7-4668-BE54-9A1E7A4F7556}") = "PLG-Pdac", "PLG-Pdac.csproj", "{9F45322E-F0DD-4BE1-957D-42F3A2CD284C}"
EndProject
Global
	GlobalSection(SolutionConfigurationPlatforms) = preSolution
		Debug|Any CPU = Debug|Any CPU
		Release|Any CPU = Release|Any CPU
	EndGlobalSection
	GlobalSection(ProjectConfigurationPlatforms) = postSolution
		{9F45322E-F0DD-4BE1-957D-42F3A2CD284C}.Debug|Any CPU.ActiveCfg = Debug|Any CPU
		{9F45322E-F0DD-4BE1-957D-42F3A2CD284C}.Debug|Any CPU.Build.0 = Debug|Any CPU
		{9F45322E-F0DD-4BE1-957D-42F3A2CD284C}.Release|Any CPU.ActiveCfg = Release|Any CPU
		{9F45322E-F0DD-4BE1-957D-42F3A2CD284C}.Release|Any CPU.Build.0 = Release|Any CPU
	EndGlobalSection
	GlobalSection(SolutionProperties) = preSolution
		HideSolutionNode = FALSE
	EndGlobalSection
	GlobalSection(ExtensibilityGlobals) = postSolution
		SolutionGuid = {0F4F5C52-E790-48EC-AA0F-1193A4067F86}
	EndGlobalSection
EndGlobal
